<?xml version="1.0" encoding="UTF-8" standalone="yes" ?>
<CodeBlocks_project_file>
	<FileVersion major="1" minor="6" />
	<Project>
		<Option title="PlotHDC" />
		<Option pch_mode="2" />
		<Option compiler="gfortran" />
		<Build>
			<Target title="Debug">
				<Option output="./PlotHDC" prefix_auto="1" extension_auto="1" />
				<Option object_output="obj/" />
				<Option type="1" />
				<Option compiler="gfortran" />
				<Compiler>
					<Add option="-g" />
				</Compiler>
			</Target>
			<Target title="Release">
				<Option output="./PlotHDC" prefix_auto="1" extension_auto="1" />
				<Option object_output="obj/" />
				<Option type="0" />
				<Option compiler="gfortran" />
				<Compiler>
					<Add option="-O2" />
				</Compiler>
				<Linker>
					<Add option="-s" />
				</Linker>
			</Target>
		</Build>
		<Compiler>
			<Add option="-Wall" />
		</Compiler>
		<Linker>
			<Add option="-static" />
			<Add library="gdi32" />
			<Add library="user32" />
			<Add library="kernel32" />
			<Add library="comctl32" />
			<Add library="./libgraph2d.a" />
			<Add library="./libmxml.a" />
		</Linker>
		<Unit filename="PlotHDC.for">
			<Option weight="0" />
		</Unit>
		<Extensions />
	</Project>
</CodeBlocks_project_file>
