<?xml version="1.0" encoding="UTF-8" standalone="yes" ?>
<CodeBlocks_project_file>
	<FileVersion major="1" minor="6" />
	<Project>
		<Option title="D5" />
		<Option pch_mode="2" />
		<Option compiler="gcc" />
		<Build>
			<Target title="Release">
				<Option output="D5" prefix_auto="1" extension_auto="1" />
				<Option object_output="obj/" />
				<Option type="0" />
				<Option compiler="gnu_fortran_compiler__---_32bit_---" />
				<Compiler>
					<Add option="-O2" />
				</Compiler>
				<Linker>
					<Add option="-s" />
					<Add option="-lgraph2d -lmxml -lSDL2 -lSDL2_ttf" />
					<Add directory="./" />
				</Linker>
			</Target>
			<Target title="Debug">
				<Option output="D5" prefix_auto="1" extension_auto="1" />
				<Option object_output="obj/" />
				<Option type="1" />
				<Option compiler="gnu_fortran_compiler__---_32bit_---" />
				<Compiler>
					<Add option="-O2" />
				</Compiler>
				<Linker>
					<Add option="-s" />
					<Add option="-lgraph2d -lmxml -lSDL2 -lSDL2_ttf" />
					<Add directory="./" />
				</Linker>
			</Target>
		</Build>
		<Compiler>
			<Add option="-Wall" />
		</Compiler>
		<Unit filename="Ag2demo5.for">
			<Option weight="0" />
		</Unit>
		<Extensions>
			<lib_finder disable_auto="1" />
		</Extensions>
	</Project>
</CodeBlocks_project_file>
